
Microsoft Visual Studio Solution File, Format Version 12.00
# Visual Studio Version 16
VisualStudioVersion = 16.0.29403.142
MinimumVisualStudioVersion = 10.0.40219.1
Project("{FAE04EC0-301F-11D3-BF4B-00C04F79EFBC}") = "MyLastService", "MyLastService\MyLastService.csproj", "{BAF5FCB8-97B2-4F80-AEB8-0B20D0040239}"
EndProject
Global
	GlobalSection(SolutionConfigurationPlatforms) = preSolution
		Debug|Any CPU = Debug|Any CPU
		Release|Any CPU = Release|Any CPU
	EndGlobalSection
	GlobalSection(ProjectConfigurationPlatforms) = postSolution
		{BAF5FCB8-97B2-4F80-AEB8-0B20D0040239}.Debug|Any CPU.ActiveCfg = Debug|Any CPU
		{BAF5FCB8-97B2-4F80-AEB8-0B20D0040239}.Debug|Any CPU.Build.0 = Debug|Any CPU
		{BAF5FCB8-97B2-4F80-AEB8-0B20D0040239}.Release|Any CPU.ActiveCfg = Release|Any CPU
		{BAF5FCB8-97B2-4F80-AEB8-0B20D0040239}.Release|Any CPU.Build.0 = Release|Any CPU
	EndGlobalSection
	GlobalSection(SolutionProperties) = preSolution
		HideSolutionNode = FALSE
	EndGlobalSection
	GlobalSection(ExtensibilityGlobals) = postSolution
		SolutionGuid = {8AA6D4F8-6295-4222-B21E-2BFBF8C2B5BC}
	EndGlobalSection
EndGlobal
