
Microsoft Visual Studio Solution File, Format Version 12.00
# Visual Studio Version 16
VisualStudioVersion = 16.0.29403.142
MinimumVisualStudioVersion = 10.0.40219.1
Project("{FAE04EC0-301F-11D3-BF4B-00C04F79EFBC}") = "ReadText", "ReadText\ReadText.csproj", "{A84398FD-2CBA-46D2-9F7D-93788AC8DCDB}"
EndProject
Global
	GlobalSection(SolutionConfigurationPlatforms) = preSolution
		Debug|Any CPU = Debug|Any CPU
		Release|Any CPU = Release|Any CPU
	EndGlobalSection
	GlobalSection(ProjectConfigurationPlatforms) = postSolution
		{A84398FD-2CBA-46D2-9F7D-93788AC8DCDB}.Debug|Any CPU.ActiveCfg = Debug|Any CPU
		{A84398FD-2CBA-46D2-9F7D-93788AC8DCDB}.Debug|Any CPU.Build.0 = Debug|Any CPU
		{A84398FD-2CBA-46D2-9F7D-93788AC8DCDB}.Release|Any CPU.ActiveCfg = Release|Any CPU
		{A84398FD-2CBA-46D2-9F7D-93788AC8DCDB}.Release|Any CPU.Build.0 = Release|Any CPU
	EndGlobalSection
	GlobalSection(SolutionProperties) = preSolution
		HideSolutionNode = FALSE
	EndGlobalSection
	GlobalSection(ExtensibilityGlobals) = postSolution
		SolutionGuid = {11AB571E-C10F-4AB9-8A9C-6E30836BBA72}
	EndGlobalSection
EndGlobal
